<?xml version="1.0" encoding="utf-8"?>
<Project ToolsVersion="4.0" xmlns="http://schemas.microsoft.com/developer/msbuild/2003">
  <ItemGroup>
    <Filter Include="Fengshui">
      <UniqueIdentifier>{3EA28D7C-2A6F-E887-5388-D62F3FB41D16}</UniqueIdentifier>
    </Filter>
    <Filter Include="Fengshui\ECS">
      <UniqueIdentifier>{88850B73-74E8-9A17-1D6E-D3CD09B0669A}</UniqueIdentifier>
    </Filter>
    <Filter Include="Fengshui\ECS\Components">
      <UniqueIdentifier>{9DE52464-091D-6DFB-1227-D11E7EDD93F4}</UniqueIdentifier>
    </Filter>
    <Filter Include="Fengshui\Events">
      <UniqueIdentifier>{629C0AE8-CE27-78AC-D738-FBA04343D4AC}</UniqueIdentifier>
    </Filter>
    <Filter Include="Fengshui\IMGUI">
      <UniqueIdentifier>{88BD5064-748B-446A-5D1F-B590498C20CF}</UniqueIdentifier>
    </Filter>
    <Filter Include="Fengshui\Layers">
      <UniqueIdentifier>{3D87EDF6-A912-5BBB-B223-DEAF1E2EB7BB}</UniqueIdentifier>
    </Filter>
    <Filter Include="Fengshui\Logging">
      <UniqueIdentifier>{D4E001F4-C0D9-2046-E90B-06CBD5630052}</UniqueIdentifier>
    </Filter>
    <Filter Include="Fengshui\Platform">
      <UniqueIdentifier>{52444131-BE5A-3FC7-07D2-CAE87327104F}</UniqueIdentifier>
    </Filter>
    <Filter Include="Fengshui\Platform\Windows">
      <UniqueIdentifier>{8C202FC6-F8E2-6250-4193-F1DCAD943B2E}</UniqueIdentifier>
    </Filter>
  </ItemGroup>
  <ItemGroup>
    <ClInclude Include="src\Fengshui.h" />
    <ClInclude Include="src\Fengshui\Application.h">
      <Filter>Fengshui</Filter>
    </ClInclude>
    <ClInclude Include="src\Fengshui\Core.h">
      <Filter>Fengshui</Filter>
    </ClInclude>
    <ClInclude Include="src\Fengshui\ECS\Components\BaseComponent.h">
      <Filter>Fengshui\ECS\Components</Filter>
    </ClInclude>
    <ClInclude Include="src\Fengshui\ECS\GameEntity.h">
      <Filter>Fengshui\ECS</Filter>
    </ClInclude>
    <ClInclude Include="src\Fengshui\EntryPoint.h">
      <Filter>Fengshui</Filter>
    </ClInclude>
    <ClInclude Include="src\Fengshui\Events\ApplicationEvent.h">
      <Filter>Fengshui\Events</Filter>
    </ClInclude>
    <ClInclude Include="src\Fengshui\Events\Event.h">
      <Filter>Fengshui\Events</Filter>
    </ClInclude>
    <ClInclude Include="src\Fengshui\Events\KeyEvent.h">
      <Filter>Fengshui\Events</Filter>
    </ClInclude>
    <ClInclude Include="src\Fengshui\Events\MouseEvent.h">
      <Filter>Fengshui\Events</Filter>
    </ClInclude>
    <ClInclude Include="src\Fengshui\IMGUI\ImGuiLayer.h">
      <Filter>Fengshui\IMGUI</Filter>
    </ClInclude>
    <ClInclude Include="src\Fengshui\Input.h">
      <Filter>Fengshui</Filter>
    </ClInclude>
    <ClInclude Include="src\Fengshui\KeyCode.h">
      <Filter>Fengshui</Filter>
    </ClInclude>
    <ClInclude Include="src\Fengshui\Layers\Layer.h">
      <Filter>Fengshui\Layers</Filter>
    </ClInclude>
    <ClInclude Include="src\Fengshui\Layers\LayerStack.h">
      <Filter>Fengshui\Layers</Filter>
    </ClInclude>
    <ClInclude Include="src\Fengshui\Logging\Log.h">
      <Filter>Fengshui\Logging</Filter>
    </ClInclude>
    <ClInclude Include="src\Fengshui\MouseButtonCode.h">
      <Filter>Fengshui</Filter>
    </ClInclude>
    <ClInclude Include="src\Fengshui\Platform\Windows\WindowsInput.h">
      <Filter>Fengshui\Platform\Windows</Filter>
    </ClInclude>
    <ClInclude Include="src\Fengshui\Platform\Windows\WindowsWindow.h">
      <Filter>Fengshui\Platform\Windows</Filter>
    </ClInclude>
    <ClInclude Include="src\Fengshui\Scene.h">
      <Filter>Fengshui</Filter>
    </ClInclude>
    <ClInclude Include="src\Fengshui\Window.h">
      <Filter>Fengshui</Filter>
    </ClInclude>
    <ClInclude Include="src\fspch.h" />
    <ClInclude Include="src\Fengshui\Renderer\RenderContext.h" />
    <ClInclude Include="src\Fengshui\Platform\OpenGL\OpenGLContext.h" />
    <ClInclude Include="src\Fengshui\Renderer\Shader.h" />
  </ItemGroup>
  <ItemGroup>
    <ClCompile Include="src\Fengshui\Application.cpp">
      <Filter>Fengshui</Filter>
    </ClCompile>
    <ClCompile Include="src\Fengshui\ECS\Components\BaseComponent.cpp">
      <Filter>Fengshui\ECS\Components</Filter>
    </ClCompile>
    <ClCompile Include="src\Fengshui\ECS\GameEntity.cpp">
      <Filter>Fengshui\ECS</Filter>
    </ClCompile>
    <ClCompile Include="src\Fengshui\IMGUI\ImGuiBuild.cpp">
      <Filter>Fengshui\IMGUI</Filter>
    </ClCompile>
    <ClCompile Include="src\Fengshui\IMGUI\ImGuiLayer.cpp">
      <Filter>Fengshui\IMGUI</Filter>
    </ClCompile>
    <ClCompile Include="src\Fengshui\Layers\Layer.cpp">
      <Filter>Fengshui\Layers</Filter>
    </ClCompile>
    <ClCompile Include="src\Fengshui\Layers\LayerStack.cpp">
      <Filter>Fengshui\Layers</Filter>
    </ClCompile>
    <ClCompile Include="src\Fengshui\Logging\Log.cpp">
      <Filter>Fengshui\Logging</Filter>
    </ClCompile>
    <ClCompile Include="src\Fengshui\Platform\Windows\WindowsInput.cpp">
      <Filter>Fengshui\Platform\Windows</Filter>
    </ClCompile>
    <ClCompile Include="src\Fengshui\Platform\Windows\WindowsWindow.cpp">
      <Filter>Fengshui\Platform\Windows</Filter>
    </ClCompile>
    <ClCompile Include="src\Fengshui\Scene.cpp">
      <Filter>Fengshui</Filter>
    </ClCompile>
    <ClCompile Include="src\fspch.cpp" />
    <ClCompile Include="src\Fengshui\Platform\OpenGL\OpenGLContext.cpp" />
    <ClCompile Include="src\Fengshui\Renderer\Shader.cpp" />
  </ItemGroup>
</Project>