<?xml version="1.0" encoding="utf-8"?>
<Project ToolsVersion="4.0" xmlns="http://schemas.microsoft.com/developer/msbuild/2003">
  <ItemGroup>
    <Filter Include="Fengshui">
      <UniqueIdentifier>{3EA28D7C-2A6F-E887-5388-D62F3FB41D16}</UniqueIdentifier>
    </Filter>
    <Filter Include="Fengshui\Core">
      <UniqueIdentifier>{56DD7BD4-C29D-F70A-8BD8-4088F7573CE7}</UniqueIdentifier>
    </Filter>
    <Filter Include="Fengshui\ECS">
      <UniqueIdentifier>{88850B73-74E8-9A17-1D6E-D3CD09B0669A}</UniqueIdentifier>
    </Filter>
    <Filter Include="Fengshui\ECS\Components">
      <UniqueIdentifier>{9DE52464-091D-6DFB-1227-D11E7EDD93F4}</UniqueIdentifier>
    </Filter>
    <Filter Include="Fengshui\Events">
      <UniqueIdentifier>{629C0AE8-CE27-78AC-D738-FBA04343D4AC}</UniqueIdentifier>
    </Filter>
    <Filter Include="Fengshui\IMGUI">
      <UniqueIdentifier>{88BD5064-748B-446A-5D1F-B590498C20CF}</UniqueIdentifier>
    </Filter>
    <Filter Include="Fengshui\Layers">
      <UniqueIdentifier>{3D87EDF6-A912-5BBB-B223-DEAF1E2EB7BB}</UniqueIdentifier>
    </Filter>
    <Filter Include="Fengshui\Logging">
      <UniqueIdentifier>{D4E001F4-C0D9-2046-E90B-06CBD5630052}</UniqueIdentifier>
    </Filter>
    <Filter Include="Fengshui\Physics">
      <UniqueIdentifier>{B003E318-9CFC-016B-C52E-E7EFB186E176}</UniqueIdentifier>
    </Filter>
    <Filter Include="Fengshui\Physics\Math">
      <UniqueIdentifier>{893647BC-F5A2-02B7-BE96-9A142AC2241F}</UniqueIdentifier>
    </Filter>
    <Filter Include="Fengshui\Physics\Physics">
      <UniqueIdentifier>{22B77340-0EDC-C2C0-3727-A85023ABC1DE}</UniqueIdentifier>
    </Filter>
    <Filter Include="Fengshui\Physics\Physics\Constraints">
      <UniqueIdentifier>{E98A55C5-D571-17BD-7EC2-7DDA6A889023}</UniqueIdentifier>
    </Filter>
    <Filter Include="Fengshui\Physics\Physics\Shapes">
      <UniqueIdentifier>{957F1C3C-0163-2B7C-0A66-59B876C8F1CC}</UniqueIdentifier>
    </Filter>
    <Filter Include="Fengshui\Platform">
      <UniqueIdentifier>{52444131-BE5A-3FC7-07D2-CAE87327104F}</UniqueIdentifier>
    </Filter>
    <Filter Include="Fengshui\Platform\OpenGL">
      <UniqueIdentifier>{469D1F2A-32C2-6EAA-5B0D-543A47916DC8}</UniqueIdentifier>
    </Filter>
    <Filter Include="Fengshui\Platform\Windows">
      <UniqueIdentifier>{8C202FC6-F8E2-6250-4193-F1DCAD943B2E}</UniqueIdentifier>
    </Filter>
    <Filter Include="Fengshui\Renderer">
      <UniqueIdentifier>{A44B1E0C-1062-1CA2-59D9-A7C3C52EED29}</UniqueIdentifier>
    </Filter>
  </ItemGroup>
  <ItemGroup>
    <ClInclude Include="src\Fengshui.h" />
    <ClInclude Include="src\Fengshui\Core\Application.h">
      <Filter>Fengshui\Core</Filter>
    </ClInclude>
    <ClInclude Include="src\Fengshui\Core\Core.h">
      <Filter>Fengshui\Core</Filter>
    </ClInclude>
    <ClInclude Include="src\Fengshui\Core\EntryPoint.h">
      <Filter>Fengshui\Core</Filter>
    </ClInclude>
    <ClInclude Include="src\Fengshui\Core\Input.h">
      <Filter>Fengshui\Core</Filter>
    </ClInclude>
    <ClInclude Include="src\Fengshui\Core\KeyCode.h">
      <Filter>Fengshui\Core</Filter>
    </ClInclude>
    <ClInclude Include="src\Fengshui\Core\MouseButtonCode.h">
      <Filter>Fengshui\Core</Filter>
    </ClInclude>
    <ClInclude Include="src\Fengshui\Core\Scene.h">
      <Filter>Fengshui\Core</Filter>
    </ClInclude>
    <ClInclude Include="src\Fengshui\Core\Time.h">
      <Filter>Fengshui\Core</Filter>
    </ClInclude>
    <ClInclude Include="src\Fengshui\Core\Window.h">
      <Filter>Fengshui\Core</Filter>
    </ClInclude>
    <ClInclude Include="src\Fengshui\ECS\Components\BaseComponent.h">
      <Filter>Fengshui\ECS\Components</Filter>
    </ClInclude>
    <ClInclude Include="src\Fengshui\ECS\GameEntity.h">
      <Filter>Fengshui\ECS</Filter>
    </ClInclude>
    <ClInclude Include="src\Fengshui\Events\ApplicationEvent.h">
      <Filter>Fengshui\Events</Filter>
    </ClInclude>
    <ClInclude Include="src\Fengshui\Events\Event.h">
      <Filter>Fengshui\Events</Filter>
    </ClInclude>
    <ClInclude Include="src\Fengshui\Events\KeyEvent.h">
      <Filter>Fengshui\Events</Filter>
    </ClInclude>
    <ClInclude Include="src\Fengshui\Events\MouseEvent.h">
      <Filter>Fengshui\Events</Filter>
    </ClInclude>
    <ClInclude Include="src\Fengshui\IMGUI\ImGuiLayer.h">
      <Filter>Fengshui\IMGUI</Filter>
    </ClInclude>
    <ClInclude Include="src\Fengshui\Layers\Layer.h">
      <Filter>Fengshui\Layers</Filter>
    </ClInclude>
    <ClInclude Include="src\Fengshui\Layers\LayerStack.h">
      <Filter>Fengshui\Layers</Filter>
    </ClInclude>
    <ClInclude Include="src\Fengshui\Logging\Log.h">
      <Filter>Fengshui\Logging</Filter>
    </ClInclude>
    <ClInclude Include="src\Fengshui\Physics\Math\Bounds.h">
      <Filter>Fengshui\Physics\Math</Filter>
    </ClInclude>
    <ClInclude Include="src\Fengshui\Physics\Math\LCP.h">
      <Filter>Fengshui\Physics\Math</Filter>
    </ClInclude>
    <ClInclude Include="src\Fengshui\Physics\Math\Matrix.h">
      <Filter>Fengshui\Physics\Math</Filter>
    </ClInclude>
    <ClInclude Include="src\Fengshui\Physics\Math\Quat.h">
      <Filter>Fengshui\Physics\Math</Filter>
    </ClInclude>
    <ClInclude Include="src\Fengshui\Physics\Math\Vector.h">
      <Filter>Fengshui\Physics\Math</Filter>
    </ClInclude>
    <ClInclude Include="src\Fengshui\Physics\Physics\Body.h">
      <Filter>Fengshui\Physics\Physics</Filter>
    </ClInclude>
    <ClInclude Include="src\Fengshui\Physics\Physics\Broadphase.h">
      <Filter>Fengshui\Physics\Physics</Filter>
    </ClInclude>
    <ClInclude Include="src\Fengshui\Physics\Physics\Constraints.h">
      <Filter>Fengshui\Physics\Physics</Filter>
    </ClInclude>
    <ClInclude Include="src\Fengshui\Physics\Physics\Constraints\ConstraintBase.h">
      <Filter>Fengshui\Physics\Physics\Constraints</Filter>
    </ClInclude>
    <ClInclude Include="src\Fengshui\Physics\Physics\Constraints\ConstraintConstantVelocity.h">
      <Filter>Fengshui\Physics\Physics\Constraints</Filter>
    </ClInclude>
    <ClInclude Include="src\Fengshui\Physics\Physics\Constraints\ConstraintDistance.h">
      <Filter>Fengshui\Physics\Physics\Constraints</Filter>
    </ClInclude>
    <ClInclude Include="src\Fengshui\Physics\Physics\Constraints\ConstraintHinge.h">
      <Filter>Fengshui\Physics\Physics\Constraints</Filter>
    </ClInclude>
    <ClInclude Include="src\Fengshui\Physics\Physics\Constraints\ConstraintMotor.h">
      <Filter>Fengshui\Physics\Physics\Constraints</Filter>
    </ClInclude>
    <ClInclude Include="src\Fengshui\Physics\Physics\Constraints\ConstraintMover.h">
      <Filter>Fengshui\Physics\Physics\Constraints</Filter>
    </ClInclude>
    <ClInclude Include="src\Fengshui\Physics\Physics\Constraints\ConstraintOrientation.h">
      <Filter>Fengshui\Physics\Physics\Constraints</Filter>
    </ClInclude>
    <ClInclude Include="src\Fengshui\Physics\Physics\Constraints\ConstraintPenetration.h">
      <Filter>Fengshui\Physics\Physics\Constraints</Filter>
    </ClInclude>
    <ClInclude Include="src\Fengshui\Physics\Physics\Contact.h">
      <Filter>Fengshui\Physics\Physics</Filter>
    </ClInclude>
    <ClInclude Include="src\Fengshui\Physics\Physics\GJK.h">
      <Filter>Fengshui\Physics\Physics</Filter>
    </ClInclude>
    <ClInclude Include="src\Fengshui\Physics\Physics\Intersections.h">
      <Filter>Fengshui\Physics\Physics</Filter>
    </ClInclude>
    <ClInclude Include="src\Fengshui\Physics\Physics\Manifold.h">
      <Filter>Fengshui\Physics\Physics</Filter>
    </ClInclude>
    <ClInclude Include="src\Fengshui\Physics\Physics\Shapes.h">
      <Filter>Fengshui\Physics\Physics</Filter>
    </ClInclude>
    <ClInclude Include="src\Fengshui\Physics\Physics\Shapes\ShapeBase.h">
      <Filter>Fengshui\Physics\Physics\Shapes</Filter>
    </ClInclude>
    <ClInclude Include="src\Fengshui\Physics\Physics\Shapes\ShapeBox.h">
      <Filter>Fengshui\Physics\Physics\Shapes</Filter>
    </ClInclude>
    <ClInclude Include="src\Fengshui\Physics\Physics\Shapes\ShapeConvex.h">
      <Filter>Fengshui\Physics\Physics\Shapes</Filter>
    </ClInclude>
    <ClInclude Include="src\Fengshui\Physics\Physics\Shapes\ShapeSphere.h">
      <Filter>Fengshui\Physics\Physics\Shapes</Filter>
    </ClInclude>
    <ClInclude Include="src\Fengshui\Platform\OpenGL\OpenGLBuffer.h">
      <Filter>Fengshui\Platform\OpenGL</Filter>
    </ClInclude>
    <ClInclude Include="src\Fengshui\Platform\OpenGL\OpenGLContext.h">
      <Filter>Fengshui\Platform\OpenGL</Filter>
    </ClInclude>
    <ClInclude Include="src\Fengshui\Platform\OpenGL\OpenGLRendererAPI.h">
      <Filter>Fengshui\Platform\OpenGL</Filter>
    </ClInclude>
    <ClInclude Include="src\Fengshui\Platform\OpenGL\OpenGLVertexArray.h">
      <Filter>Fengshui\Platform\OpenGL</Filter>
    </ClInclude>
    <ClInclude Include="src\Fengshui\Platform\Windows\WindowsInput.h">
      <Filter>Fengshui\Platform\Windows</Filter>
    </ClInclude>
    <ClInclude Include="src\Fengshui\Platform\Windows\WindowsWindow.h">
      <Filter>Fengshui\Platform\Windows</Filter>
    </ClInclude>
    <ClInclude Include="src\Fengshui\Renderer\Buffer.h">
      <Filter>Fengshui\Renderer</Filter>
    </ClInclude>
    <ClInclude Include="src\Fengshui\Renderer\Camera.h">
      <Filter>Fengshui\Renderer</Filter>
    </ClInclude>
    <ClInclude Include="src\Fengshui\Renderer\RenderCommand.h">
      <Filter>Fengshui\Renderer</Filter>
    </ClInclude>
    <ClInclude Include="src\Fengshui\Renderer\RenderContext.h">
      <Filter>Fengshui\Renderer</Filter>
    </ClInclude>
    <ClInclude Include="src\Fengshui\Renderer\Renderer.h">
      <Filter>Fengshui\Renderer</Filter>
    </ClInclude>
    <ClInclude Include="src\Fengshui\Renderer\RendererAPI.h">
      <Filter>Fengshui\Renderer</Filter>
    </ClInclude>
    <ClInclude Include="src\Fengshui\Renderer\Shader.h">
      <Filter>Fengshui\Renderer</Filter>
    </ClInclude>
    <ClInclude Include="src\Fengshui\Renderer\VertexArray.h">
      <Filter>Fengshui\Renderer</Filter>
    </ClInclude>
    <ClInclude Include="src\fspch.h" />
    <ClInclude Include="src\Fengshui\ECS\Components\TransformComponent.h" />
    <ClInclude Include="src\Fengshui\ECS\Components\RenderComponent.h" />
    <ClInclude Include="src\Fengshui\ECS\Components\CameraComponent.h" />
    <ClInclude Include="src\Fengshui\Platform\OpenGL\OpenGLShader.h" />
  </ItemGroup>
  <ItemGroup>
    <ClCompile Include="src\Fengshui\Core\Application.cpp">
      <Filter>Fengshui\Core</Filter>
    </ClCompile>
    <ClCompile Include="src\Fengshui\Core\Scene.cpp">
      <Filter>Fengshui\Core</Filter>
    </ClCompile>
    <ClCompile Include="src\Fengshui\ECS\Components\BaseComponent.cpp">
      <Filter>Fengshui\ECS\Components</Filter>
    </ClCompile>
    <ClCompile Include="src\Fengshui\ECS\GameEntity.cpp">
      <Filter>Fengshui\ECS</Filter>
    </ClCompile>
    <ClCompile Include="src\Fengshui\IMGUI\ImGuiBuild.cpp">
      <Filter>Fengshui\IMGUI</Filter>
    </ClCompile>
    <ClCompile Include="src\Fengshui\IMGUI\ImGuiLayer.cpp">
      <Filter>Fengshui\IMGUI</Filter>
    </ClCompile>
    <ClCompile Include="src\Fengshui\Layers\Layer.cpp">
      <Filter>Fengshui\Layers</Filter>
    </ClCompile>
    <ClCompile Include="src\Fengshui\Layers\LayerStack.cpp">
      <Filter>Fengshui\Layers</Filter>
    </ClCompile>
    <ClCompile Include="src\Fengshui\Logging\Log.cpp">
      <Filter>Fengshui\Logging</Filter>
    </ClCompile>
    <ClCompile Include="src\Fengshui\Physics\Math\Bounds.cpp">
      <Filter>Fengshui\Physics\Math</Filter>
    </ClCompile>
    <ClCompile Include="src\Fengshui\Physics\Math\LCP.cpp">
      <Filter>Fengshui\Physics\Math</Filter>
    </ClCompile>
    <ClCompile Include="src\Fengshui\Physics\Physics\Body.cpp">
      <Filter>Fengshui\Physics\Physics</Filter>
    </ClCompile>
    <ClCompile Include="src\Fengshui\Physics\Physics\Broadphase.cpp">
      <Filter>Fengshui\Physics\Physics</Filter>
    </ClCompile>
    <ClCompile Include="src\Fengshui\Physics\Physics\Constraints.cpp">
      <Filter>Fengshui\Physics\Physics</Filter>
    </ClCompile>
    <ClCompile Include="src\Fengshui\Physics\Physics\Constraints\ConstraintConstantVelocity.cpp">
      <Filter>Fengshui\Physics\Physics\Constraints</Filter>
    </ClCompile>
    <ClCompile Include="src\Fengshui\Physics\Physics\Constraints\ConstraintDistance.cpp">
      <Filter>Fengshui\Physics\Physics\Constraints</Filter>
    </ClCompile>
    <ClCompile Include="src\Fengshui\Physics\Physics\Constraints\ConstraintHinge.cpp">
      <Filter>Fengshui\Physics\Physics\Constraints</Filter>
    </ClCompile>
    <ClCompile Include="src\Fengshui\Physics\Physics\Constraints\ConstraintMotor.cpp">
      <Filter>Fengshui\Physics\Physics\Constraints</Filter>
    </ClCompile>
    <ClCompile Include="src\Fengshui\Physics\Physics\Constraints\ConstraintMover.cpp">
      <Filter>Fengshui\Physics\Physics\Constraints</Filter>
    </ClCompile>
    <ClCompile Include="src\Fengshui\Physics\Physics\Constraints\ConstraintOrientation.cpp">
      <Filter>Fengshui\Physics\Physics\Constraints</Filter>
    </ClCompile>
    <ClCompile Include="src\Fengshui\Physics\Physics\Constraints\ConstraintPenetration.cpp">
      <Filter>Fengshui\Physics\Physics\Constraints</Filter>
    </ClCompile>
    <ClCompile Include="src\Fengshui\Physics\Physics\Contact.cpp">
      <Filter>Fengshui\Physics\Physics</Filter>
    </ClCompile>
    <ClCompile Include="src\Fengshui\Physics\Physics\GJK.cpp">
      <Filter>Fengshui\Physics\Physics</Filter>
    </ClCompile>
    <ClCompile Include="src\Fengshui\Physics\Physics\Intersections.cpp">
      <Filter>Fengshui\Physics\Physics</Filter>
    </ClCompile>
    <ClCompile Include="src\Fengshui\Physics\Physics\Manifold.cpp">
      <Filter>Fengshui\Physics\Physics</Filter>
    </ClCompile>
    <ClCompile Include="src\Fengshui\Physics\Physics\Shapes.cpp">
      <Filter>Fengshui\Physics\Physics</Filter>
    </ClCompile>
    <ClCompile Include="src\Fengshui\Physics\Physics\Shapes\ShapeBox.cpp">
      <Filter>Fengshui\Physics\Physics\Shapes</Filter>
    </ClCompile>
    <ClCompile Include="src\Fengshui\Physics\Physics\Shapes\ShapeConvex.cpp">
      <Filter>Fengshui\Physics\Physics\Shapes</Filter>
    </ClCompile>
    <ClCompile Include="src\Fengshui\Physics\Physics\Shapes\ShapeSphere.cpp">
      <Filter>Fengshui\Physics\Physics\Shapes</Filter>
    </ClCompile>
    <ClCompile Include="src\Fengshui\Platform\OpenGL\OpenGLBuffer.cpp">
      <Filter>Fengshui\Platform\OpenGL</Filter>
    </ClCompile>
    <ClCompile Include="src\Fengshui\Platform\OpenGL\OpenGLContext.cpp">
      <Filter>Fengshui\Platform\OpenGL</Filter>
    </ClCompile>
    <ClCompile Include="src\Fengshui\Platform\OpenGL\OpenGLRendererAPI.cpp">
      <Filter>Fengshui\Platform\OpenGL</Filter>
    </ClCompile>
    <ClCompile Include="src\Fengshui\Platform\OpenGL\OpenGLVertexArray.cpp">
      <Filter>Fengshui\Platform\OpenGL</Filter>
    </ClCompile>
    <ClCompile Include="src\Fengshui\Platform\Windows\WindowsInput.cpp">
      <Filter>Fengshui\Platform\Windows</Filter>
    </ClCompile>
    <ClCompile Include="src\Fengshui\Platform\Windows\WindowsWindow.cpp">
      <Filter>Fengshui\Platform\Windows</Filter>
    </ClCompile>
    <ClCompile Include="src\Fengshui\Renderer\Buffer.cpp">
      <Filter>Fengshui\Renderer</Filter>
    </ClCompile>
    <ClCompile Include="src\Fengshui\Renderer\Camera.cpp">
      <Filter>Fengshui\Renderer</Filter>
    </ClCompile>
    <ClCompile Include="src\Fengshui\Renderer\RenderCommand.cpp">
      <Filter>Fengshui\Renderer</Filter>
    </ClCompile>
    <ClCompile Include="src\Fengshui\Renderer\Renderer.cpp">
      <Filter>Fengshui\Renderer</Filter>
    </ClCompile>
    <ClCompile Include="src\Fengshui\Renderer\RendererAPI.cpp">
      <Filter>Fengshui\Renderer</Filter>
    </ClCompile>
    <ClCompile Include="src\Fengshui\Renderer\Shader.cpp">
      <Filter>Fengshui\Renderer</Filter>
    </ClCompile>
    <ClCompile Include="src\Fengshui\Renderer\VertexArray.cpp">
      <Filter>Fengshui\Renderer</Filter>
    </ClCompile>
    <ClCompile Include="src\fspch.cpp" />
    <ClCompile Include="src\Fengshui\ECS\Components\TransformComponent.cpp" />
    <ClCompile Include="src\Fengshui\ECS\Components\RenderComponent.cpp" />
    <ClCompile Include="src\Fengshui\ECS\Components\CameraComponent.cpp" />
    <ClCompile Include="src\Fengshui\Platform\OpenGL\OpenGLShader.cpp" />
  </ItemGroup>
</Project>